{
  "object": {
    "pins": [
      {
        "package": "CRuby",
        "repositoryURL": "/Users/johnf/project/TMLRuby/CRuby",
        "state": {
          "branch": null,
          "revision": "e34d8056bf4064025b9ee47851b6b5237ce7f6b5",
          "version": "0.9.3"
        }
      }
    ]
  },
  "version": 1
}
